
Microsoft Visual Studio Solution File, Format Version 12.00
# Visual Studio Version 17
VisualStudioVersion = 17.14.36121.58 d17.14
MinimumVisualStudioVersion = 10.0.40219.1
Project("{FAE04EC0-301F-11D3-BF4B-00C04F79EFBC}") = "EmployeAPI", "EmployeAPI\EmployeAPI.csproj", "{017D4F42-9970-4872-95BD-8A54E481A2E9}"
EndProject
Project("{FAE04EC0-301F-11D3-BF4B-00C04F79EFBC}") = "EmployeAPI.Data", "EmployeAPI.Data\EmployeAPI.Data.csproj", "{97C5F37E-401A-4050-9513-BFA63F5A0CB6}"
EndProject
Project("{FAE04EC0-301F-11D3-BF4B-00C04F79EFBC}") = "EmployeAPI.Entities", "EmployeAPI.Entities\EmployeAPI.Entities.csproj", "{A2CB0D7F-D47F-441B-9BE4-860A3BD253CC}"
EndProject
Project("{FAE04EC0-301F-11D3-BF4B-00C04F79EFBC}") = "EmployeAPI.Services", "EmployeAPI.Services\EmployeAPI.Services.csproj", "{9493F8C4-A38F-44B6-BAED-9EE9CE244DC5}"
EndProject
Global
	GlobalSection(SolutionConfigurationPlatforms) = preSolution
		Debug|Any CPU = Debug|Any CPU
		Release|Any CPU = Release|Any CPU
	EndGlobalSection
	GlobalSection(ProjectConfigurationPlatforms) = postSolution
		{017D4F42-9970-4872-95BD-8A54E481A2E9}.Debug|Any CPU.ActiveCfg = Debug|Any CPU
		{017D4F42-9970-4872-95BD-8A54E481A2E9}.Debug|Any CPU.Build.0 = Debug|Any CPU
		{017D4F42-9970-4872-95BD-8A54E481A2E9}.Release|Any CPU.ActiveCfg = Release|Any CPU
		{017D4F42-9970-4872-95BD-8A54E481A2E9}.Release|Any CPU.Build.0 = Release|Any CPU
		{97C5F37E-401A-4050-9513-BFA63F5A0CB6}.Debug|Any CPU.ActiveCfg = Debug|Any CPU
		{97C5F37E-401A-4050-9513-BFA63F5A0CB6}.Debug|Any CPU.Build.0 = Debug|Any CPU
		{97C5F37E-401A-4050-9513-BFA63F5A0CB6}.Release|Any CPU.ActiveCfg = Release|Any CPU
		{97C5F37E-401A-4050-9513-BFA63F5A0CB6}.Release|Any CPU.Build.0 = Release|Any CPU
		{A2CB0D7F-D47F-441B-9BE4-860A3BD253CC}.Debug|Any CPU.ActiveCfg = Debug|Any CPU
		{A2CB0D7F-D47F-441B-9BE4-860A3BD253CC}.Debug|Any CPU.Build.0 = Debug|Any CPU
		{A2CB0D7F-D47F-441B-9BE4-860A3BD253CC}.Release|Any CPU.ActiveCfg = Release|Any CPU
		{A2CB0D7F-D47F-441B-9BE4-860A3BD253CC}.Release|Any CPU.Build.0 = Release|Any CPU
		{9493F8C4-A38F-44B6-BAED-9EE9CE244DC5}.Debug|Any CPU.ActiveCfg = Debug|Any CPU
		{9493F8C4-A38F-44B6-BAED-9EE9CE244DC5}.Debug|Any CPU.Build.0 = Debug|Any CPU
		{9493F8C4-A38F-44B6-BAED-9EE9CE244DC5}.Release|Any CPU.ActiveCfg = Release|Any CPU
		{9493F8C4-A38F-44B6-BAED-9EE9CE244DC5}.Release|Any CPU.Build.0 = Release|Any CPU
	EndGlobalSection
	GlobalSection(SolutionProperties) = preSolution
		HideSolutionNode = FALSE
	EndGlobalSection
	GlobalSection(ExtensibilityGlobals) = postSolution
		SolutionGuid = {4C88FEB4-14C5-499F-8D5B-BB8BC5638CBB}
	EndGlobalSection
EndGlobal
